<?xml version="1.0" encoding="utf-8"?>
<Project ToolsVersion="4.0" xmlns="http://schemas.microsoft.com/developer/msbuild/2003">
  <ItemGroup>
    <Filter Include="源文件">
      <UniqueIdentifier>{4FC737F1-C7A5-4376-A066-2A32D752A2FF}</UniqueIdentifier>
      <Extensions>cpp;c;cc;cxx;def;odl;idl;hpj;bat;asm;asmx</Extensions>
    </Filter>
    <Filter Include="头文件">
      <UniqueIdentifier>{93995380-89BD-4b04-88EB-625FBE52EBFB}</UniqueIdentifier>
      <Extensions>h;hh;hpp;hxx;hm;inl;inc;xsd</Extensions>
    </Filter>
    <Filter Include="资源文件">
      <UniqueIdentifier>{67DA6AB6-F800-4c08-8B7A-83BB121AAD01}</UniqueIdentifier>
      <Extensions>rc;ico;cur;bmp;dlg;rc2;rct;bin;rgs;gif;jpg;jpeg;jpe;resx;tiff;tif;png;wav;mfcribbon-ms</Extensions>
    </Filter>
    <Filter Include="生成的文件">
      <UniqueIdentifier>{44fc456b-043b-4ffe-abe1-7a3e2ba6c9ab}</UniqueIdentifier>
      <SourceControlFiles>False</SourceControlFiles>
    </Filter>
    <Filter Include="CefClient">
      <UniqueIdentifier>{a7f371a7-fa29-4632-be5f-281cd289cc4e}</UniqueIdentifier>
    </Filter>
  </ItemGroup>
  <ItemGroup>
    <ClCompile Include="stdafx.cpp">
      <Filter>源文件</Filter>
    </ClCompile>
    <ClCompile Include="WebBrowserInstance.cpp">
      <Filter>源文件</Filter>
    </ClCompile>
    <ClCompile Include="xdlldata.c">
      <Filter>源文件</Filter>
    </ClCompile>
    <ClCompile Include="WebBrowserInstance_i.c">
      <Filter>生成的文件</Filter>
    </ClCompile>
    <ClCompile Include="CefClient\CefClient.cpp">
      <Filter>CefClient</Filter>
    </ClCompile>
    <ClCompile Include="CefClient\CefClientApp.cpp">
      <Filter>CefClient</Filter>
    </ClCompile>
    <ClCompile Include="CefClient\CefHandler.cpp">
      <Filter>CefClient</Filter>
    </ClCompile>
    <ClCompile Include="BrowserApp.cpp">
      <Filter>源文件</Filter>
    </ClCompile>
  </ItemGroup>
  <ItemGroup>
    <ClInclude Include="stdafx.h">
      <Filter>头文件</Filter>
    </ClInclude>
    <ClInclude Include="targetver.h">
      <Filter>头文件</Filter>
    </ClInclude>
    <ClInclude Include="Resource.h">
      <Filter>头文件</Filter>
    </ClInclude>
    <ClInclude Include="xdlldata.h">
      <Filter>头文件</Filter>
    </ClInclude>
    <ClInclude Include="WebBrowserInstance_i.h">
      <Filter>生成的文件</Filter>
    </ClInclude>
    <ClInclude Include="CefClient\CefClient.h">
      <Filter>CefClient</Filter>
    </ClInclude>
    <ClInclude Include="CefClient\CefClientApp.h">
      <Filter>CefClient</Filter>
    </ClInclude>
    <ClInclude Include="CefClient\CefHandler.h">
      <Filter>CefClient</Filter>
    </ClInclude>
    <ClInclude Include="_IBrowserAppEvents_CP.h">
      <Filter>头文件</Filter>
    </ClInclude>
    <ClInclude Include="BrowserApp.h">
      <Filter>头文件</Filter>
    </ClInclude>
  </ItemGroup>
  <ItemGroup>
    <ResourceCompile Include="WebBrowserInstance.rc">
      <Filter>资源文件</Filter>
    </ResourceCompile>
  </ItemGroup>
  <ItemGroup>
    <Text Include="ReadMe.txt" />
  </ItemGroup>
  <ItemGroup>
    <None Include="WebBrowserInstance.rgs">
      <Filter>资源文件</Filter>
    </None>
    <None Include="BrowserApp.rgs">
      <Filter>资源文件</Filter>
    </None>
  </ItemGroup>
  <ItemGroup>
    <Midl Include="WebBrowserInstance.idl">
      <Filter>源文件</Filter>
    </Midl>
  </ItemGroup>
</Project>